
Microsoft Visual Studio Solution File, Format Version 12.00
# Visual Studio Version 17
VisualStudioVersion = 17.8.34330.188
MinimumVisualStudioVersion = 10.0.40219.1
Project("{FAE04EC0-301F-11D3-BF4B-00C04F79EFBC}") = "ReviewLists", "ReviewLists\ReviewLists.csproj", "{B90FC6D4-EE26-41EE-9496-82C16B8F53B5}"
EndProject
Global
	GlobalSection(SolutionConfigurationPlatforms) = preSolution
		Debug|Any CPU = Debug|Any CPU
		Release|Any CPU = Release|Any CPU
	EndGlobalSection
	GlobalSection(ProjectConfigurationPlatforms) = postSolution
		{B90FC6D4-EE26-41EE-9496-82C16B8F53B5}.Debug|Any CPU.ActiveCfg = Debug|Any CPU
		{B90FC6D4-EE26-41EE-9496-82C16B8F53B5}.Debug|Any CPU.Build.0 = Debug|Any CPU
		{B90FC6D4-EE26-41EE-9496-82C16B8F53B5}.Release|Any CPU.ActiveCfg = Release|Any CPU
		{B90FC6D4-EE26-41EE-9496-82C16B8F53B5}.Release|Any CPU.Build.0 = Release|Any CPU
	EndGlobalSection
	GlobalSection(SolutionProperties) = preSolution
		HideSolutionNode = FALSE
	EndGlobalSection
	GlobalSection(ExtensibilityGlobals) = postSolution
		SolutionGuid = {B1E7350C-3B16-4199-9C6B-DFBCAEFD4457}
	EndGlobalSection
EndGlobal
